{
  "name": "fern-deprecated-property",
  "version": "1.0.0",
  "lockfileVersion": 2,
  "requires": true,
  "packages": {
    "": {
      "name": "fern-deprecated-property",
      "version": "1.0.0",
      "license": "ISC",
      "devDependencies": {
        "fern-api": "^0.44.11"
      }
    },
    "node_modules/fern-api": {
      "version": "0.44.11",
      "resolved": "https://registry.npmjs.org/fern-api/-/fern-api-0.44.11.tgz",
      "integrity": "sha512-A67OMAQ8pxYi2W7jPDyG4jGiYyrgLW1VlVojgq3jVm3gfvV7+DFCXIcxHC5rhvJZoDz95rjeu/Wr5ZrDu22EQQ==",
      "dev": true,
      "bin": {
        "fern": "cli.cjs"
      }
    }
  },
  "dependencies": {
    "fern-api": {
      "version": "0.44.11",
      "resolved": "https://registry.npmjs.org/fern-api/-/fern-api-0.44.11.tgz",
      "integrity": "sha512-A67OMAQ8pxYi2W7jPDyG4jGiYyrgLW1VlVojgq3jVm3gfvV7+DFCXIcxHC5rhvJZoDz95rjeu/Wr5ZrDu22EQQ==",
      "dev": true
    }
  }
}
